
Microsoft Visual Studio Solution File, Format Version 12.00
# Visual Studio Version 16
VisualStudioVersion = 16.0.29020.237
MinimumVisualStudioVersion = 10.0.40219.1
Project("{FAE04EC0-301F-11D3-BF4B-00C04F79EFBC}") = "Hystel Launcher", "Hystel Launcher.csproj", "{40B4C598-AAD2-4634-AC5E-F2B08F9DE3EF}"
EndProject
Global
	GlobalSection(SolutionConfigurationPlatforms) = preSolution
		Debug|Any CPU = Debug|Any CPU
		Release|Any CPU = Release|Any CPU
	EndGlobalSection
	GlobalSection(ProjectConfigurationPlatforms) = postSolution
		{40B4C598-AAD2-4634-AC5E-F2B08F9DE3EF}.Debug|Any CPU.ActiveCfg = Debug|Any CPU
		{40B4C598-AAD2-4634-AC5E-F2B08F9DE3EF}.Debug|Any CPU.Build.0 = Debug|Any CPU
		{40B4C598-AAD2-4634-AC5E-F2B08F9DE3EF}.Release|Any CPU.ActiveCfg = Release|Any CPU
		{40B4C598-AAD2-4634-AC5E-F2B08F9DE3EF}.Release|Any CPU.Build.0 = Release|Any CPU
	EndGlobalSection
	GlobalSection(SolutionProperties) = preSolution
		HideSolutionNode = FALSE
	EndGlobalSection
	GlobalSection(ExtensibilityGlobals) = postSolution
		SolutionGuid = {902331C7-E6CF-4F01-B738-85BA5D9BF80F}
	EndGlobalSection
EndGlobal
